
Microsoft Visual Studio Solution File, Format Version 10.00
# Visual Studio 2008
Project("{FAE04EC0-301F-11D3-BF4B-00C04F79EFBC}") = "Evands.Pellucid.Pro", "Evands.Pellucid.Pro\Evands.Pellucid.Pro.csproj", "{72D8FC8F-9480-4872-8321-F83F9E65AE9B}"
EndProject
Project("{FAE04EC0-301F-11D3-BF4B-00C04F79EFBC}") = "Evands.Pellucid", "Evands.Pellucid\Evands.Pellucid.csproj", "{906AE64A-D167-4567-AD60-FDA6C90C3291}"
	ProjectSection(ProjectDependencies) = postProject
		{5A2D7A75-F172-43BE-AF04-18A89560D79E} = {5A2D7A75-F172-43BE-AF04-18A89560D79E}
	EndProjectSection
EndProject
Project("{FAE04EC0-301F-11D3-BF4B-00C04F79EFBC}") = "Evands.Pellucid.ProDemo", "Evands.Pellucid.ProDemo\Evands.Pellucid.ProDemo.csproj", "{B65B2FA8-F547-4234-99B6-EA081EE522F6}"
EndProject
Project("{FAE04EC0-301F-11D3-BF4B-00C04F79EFBC}") = "Evands.Pellucid.Tests", "Evands.Pellucid.Tests\Evands.Pellucid.Tests.csproj", "{BC372062-5208-4B9D-9AD4-E36501DC2BEA}"
EndProject
Project("{2150E333-8FDC-42A3-9474-1A3956D46DE8}") = "Solution Items", "Solution Items", "{41EC7852-176E-489E-BB88-969FFCF24CE4}"
	ProjectSection(SolutionItems) = preProject
		Evands.Pellucid.vsmdi = Evands.Pellucid.vsmdi
		LocalTestRun.testrunconfig = LocalTestRun.testrunconfig
	EndProjectSection
EndProject
Project("{FAE04EC0-301F-11D3-BF4B-00C04F79EFBC}") = "Evands.Pellucid.Fakes", "Evands.Pellucid.Fakes\Evands.Pellucid.Fakes.csproj", "{5A2D7A75-F172-43BE-AF04-18A89560D79E}"
EndProject
Global
	GlobalSection(TestCaseManagementSettings) = postSolution
		CategoryFile = Evands.Pellucid.vsmdi
	EndGlobalSection
	GlobalSection(SolutionConfigurationPlatforms) = preSolution
		Debug|Any CPU = Debug|Any CPU
		Release|Any CPU = Release|Any CPU
		Test|Any CPU = Test|Any CPU
	EndGlobalSection
	GlobalSection(ProjectConfigurationPlatforms) = postSolution
		{72D8FC8F-9480-4872-8321-F83F9E65AE9B}.Debug|Any CPU.ActiveCfg = Debug|Any CPU
		{72D8FC8F-9480-4872-8321-F83F9E65AE9B}.Debug|Any CPU.Build.0 = Debug|Any CPU
		{72D8FC8F-9480-4872-8321-F83F9E65AE9B}.Release|Any CPU.ActiveCfg = Release|Any CPU
		{72D8FC8F-9480-4872-8321-F83F9E65AE9B}.Release|Any CPU.Build.0 = Release|Any CPU
		{72D8FC8F-9480-4872-8321-F83F9E65AE9B}.Test|Any CPU.ActiveCfg = Test|Any CPU
		{72D8FC8F-9480-4872-8321-F83F9E65AE9B}.Test|Any CPU.Build.0 = Test|Any CPU
		{906AE64A-D167-4567-AD60-FDA6C90C3291}.Debug|Any CPU.ActiveCfg = Debug|Any CPU
		{906AE64A-D167-4567-AD60-FDA6C90C3291}.Debug|Any CPU.Build.0 = Debug|Any CPU
		{906AE64A-D167-4567-AD60-FDA6C90C3291}.Release|Any CPU.ActiveCfg = Release|Any CPU
		{906AE64A-D167-4567-AD60-FDA6C90C3291}.Release|Any CPU.Build.0 = Release|Any CPU
		{906AE64A-D167-4567-AD60-FDA6C90C3291}.Test|Any CPU.ActiveCfg = Test|Any CPU
		{906AE64A-D167-4567-AD60-FDA6C90C3291}.Test|Any CPU.Build.0 = Test|Any CPU
		{B65B2FA8-F547-4234-99B6-EA081EE522F6}.Debug|Any CPU.ActiveCfg = Debug|Any CPU
		{B65B2FA8-F547-4234-99B6-EA081EE522F6}.Debug|Any CPU.Build.0 = Debug|Any CPU
		{B65B2FA8-F547-4234-99B6-EA081EE522F6}.Release|Any CPU.ActiveCfg = Release|Any CPU
		{B65B2FA8-F547-4234-99B6-EA081EE522F6}.Release|Any CPU.Build.0 = Release|Any CPU
		{B65B2FA8-F547-4234-99B6-EA081EE522F6}.Test|Any CPU.ActiveCfg = Test|Any CPU
		{BC372062-5208-4B9D-9AD4-E36501DC2BEA}.Debug|Any CPU.ActiveCfg = Debug|Any CPU
		{BC372062-5208-4B9D-9AD4-E36501DC2BEA}.Release|Any CPU.ActiveCfg = Release|Any CPU
		{BC372062-5208-4B9D-9AD4-E36501DC2BEA}.Test|Any CPU.ActiveCfg = Test|Any CPU
		{BC372062-5208-4B9D-9AD4-E36501DC2BEA}.Test|Any CPU.Build.0 = Test|Any CPU
		{5A2D7A75-F172-43BE-AF04-18A89560D79E}.Debug|Any CPU.ActiveCfg = Debug|Any CPU
		{5A2D7A75-F172-43BE-AF04-18A89560D79E}.Release|Any CPU.ActiveCfg = Release|Any CPU
		{5A2D7A75-F172-43BE-AF04-18A89560D79E}.Test|Any CPU.ActiveCfg = Test|Any CPU
		{5A2D7A75-F172-43BE-AF04-18A89560D79E}.Test|Any CPU.Build.0 = Test|Any CPU
	EndGlobalSection
	GlobalSection(SolutionProperties) = preSolution
		HideSolutionNode = FALSE
	EndGlobalSection
EndGlobal
