<Solution>
  <Project Path="Evands.Pellucid/Evands.Pellucid.csproj" />
  <Project Path="Evands.Pellucid.CwsConsole/Evands.Pellucid.CwsConsole.csproj" />
  <Project Path="Evands.Pellucid.ProDemo/Evands.Pellucid.ProDemo.csproj" />
  <Project Path="Evands.Pellucid.Fakes/Evands.Pellucid.Fakes.csproj" />
  <Project Path="Evands.Pellucid.Tests/Evands.Pellucid.Tests.csproj" />
  <Configurations>
    <Platform Name="Any CPU" />
    <Configuration Name="Debug" />
    <Configuration Name="Release" />
    <Configuration Name="Test" />
  </Configurations>
</Solution>
